{
  "version": "4",
  "specifiers": {
    "npm:@types/node@*": "22.12.0",
    "npm:svix@1.15.0": "1.15.0"
  },
  "npm": {
    "@stablelib/base64@1.0.1": {
      "integrity": "sha512-1bnPQqSxSuc3Ii6MhBysoWCg58j97aUjuCSZrGSmDxNqtytIi0k8utUenAwTZN4V5mXXYGsVUI9zeBqy+jBOSQ=="
    },
    "@types/node@22.12.0": {
      "integrity": "sha512-Fll2FZ1riMjNmlmJOdAyY5pUbkftXslB5DgEzlIuNaiWhXd00FhWxVC/r4yV/4wBb9JfImTu+jiSvXTkJ7F/gA==",
      "dependencies": [
        "undici-types"
      ]
    },
    "es6-promise@4.2.8": {
      "integrity": "sha512-HJDGx5daxeIvxdBxvG2cb9g4tEvwIk3i8+nhX0yGrYmZUzbkdg8QbDevheDB8gd0//uPj4c1EQua8Q+MViT0/w=="
    },
    "fast-sha256@1.3.0": {
      "integrity": "sha512-n11RGP/lrWEFI/bWdygLxhI+pVeo1ZYIVwvvPkW7azl/rOy+F3HYRZ2K5zeE9mmkhQppyv9sQFx0JM9UabnpPQ=="
    },
    "node-fetch@2.7.0": {
      "integrity": "sha512-c4FRfUm/dbcWZ7U+1Wq0AwCyFL+3nt2bEw05wfxSz+DWpWsitgmSgYmy2dQdWyKC1694ELPqMs/YzUSNozLt8A==",
      "dependencies": [
        "whatwg-url"
      ]
    },
    "querystringify@2.2.0": {
      "integrity": "sha512-FIqgj2EUvTa7R50u0rGsyTftzjYmv/a3hO345bZNrqabNqjtgiDMgmo4mkUjd+nzU5oF3dClKqFIPUKybUyqoQ=="
    },
    "requires-port@1.0.0": {
      "integrity": "sha512-KigOCHcocU3XODJxsu8i/j8T9tzT4adHiecwORRQ0ZZFcp7ahwXuRU1m+yuO90C5ZUyGeGfocHDI14M3L3yDAQ=="
    },
    "svix-fetch@3.0.0": {
      "integrity": "sha512-rcADxEFhSqHbraZIsjyZNh4TF6V+koloX1OzZ+AQuObX9mZ2LIMhm1buZeuc5BIZPftZpJCMBsSiBaeszo9tRw==",
      "dependencies": [
        "node-fetch",
        "whatwg-fetch"
      ]
    },
    "svix@1.15.0": {
      "integrity": "sha512-oV11/VIpD77QymPEIjGr8XvQwcJxPIRO8XVpWJb33ZX2qs1q7jYlVaSJ6ABYThKbmnxIGyJr5+RpchVOSE7pZg==",
      "dependencies": [
        "@stablelib/base64",
        "es6-promise",
        "fast-sha256",
        "svix-fetch",
        "url-parse"
      ]
    },
    "tr46@0.0.3": {
      "integrity": "sha512-N3WMsuqV66lT30CrXNbEjx4GEwlow3v6rr4mCcv6prnfwhS01rkgyFdjPNBYd9br7LpXV1+Emh01fHnq2Gdgrw=="
    },
    "undici-types@6.20.0": {
      "integrity": "sha512-Ny6QZ2Nju20vw1SRHe3d9jVu6gJ+4e3+MMpqu7pqE5HT6WsTSlce++GQmK5UXS8mzV8DSYHrQH+Xrf2jVcuKNg=="
    },
    "url-parse@1.5.10": {
      "integrity": "sha512-WypcfiRhfeUP9vvF0j6rw0J3hrWrw6iZv3+22h6iRMJ/8z1Tj6XfLP4DsUix5MhMPnXpiHDoKyoZ/bdCkwBCiQ==",
      "dependencies": [
        "querystringify",
        "requires-port"
      ]
    },
    "webidl-conversions@3.0.1": {
      "integrity": "sha512-2JAn3z8AR6rjK8Sm8orRC0h/bcl/DqL7tRPdGZ4I1CjdF+EaMLmYxBHyXuKL849eucPFhvBoxMsflfOb8kxaeQ=="
    },
    "whatwg-fetch@3.6.20": {
      "integrity": "sha512-EqhiFU6daOA8kpjOWTL0olhVOF3i7OrFzSYiGsEMB8GcXS+RrzauAERX65xMeNWVqxA6HXH2m69Z9LaKKdisfg=="
    },
    "whatwg-url@5.0.0": {
      "integrity": "sha512-saE57nupxk6v3HY35+jzBwYa0rKSy0XR8JSxZPwgLr7ys0IBzhGviA1/TUGJLmSVqs8pb9AnvICXEuOHLprYTw==",
      "dependencies": [
        "tr46",
        "webidl-conversions"
      ]
    }
  },
  "redirects": {
    "https://esm.sh/@stablelib/base64@^1.0.0?target=denonext": "https://esm.sh/@stablelib/base64@1.0.1?target=denonext",
    "https://esm.sh/@supabase/node-fetch@^2.6.14?target=denonext": "https://esm.sh/@supabase/node-fetch@2.6.15?target=denonext",
    "https://esm.sh/@supabase/supabase-js@2": "https://esm.sh/@supabase/supabase-js@2.49.4",
    "https://esm.sh/@types/querystringify@~2.0.2/index.d.ts": "https://esm.sh/@types/querystringify@2.0.2/index.d.ts",
    "https://esm.sh/@types/requires-port@~1.0.3/index.d.ts": "https://esm.sh/@types/requires-port@1.0.3/index.d.ts",
    "https://esm.sh/@types/url-parse@~1.4.11/index.d.ts": "https://esm.sh/@types/url-parse@1.4.11/index.d.ts",
    "https://esm.sh/@types/ws@~8.18.1/index.d.mts": "https://esm.sh/@types/ws@8.18.1/index.d.mts",
    "https://esm.sh/bufferutil@^4.0.1?target=denonext": "https://esm.sh/bufferutil@4.0.9?target=denonext",
    "https://esm.sh/fast-sha256@^1.3.0?target=denonext": "https://esm.sh/fast-sha256@1.3.0?target=denonext",
    "https://esm.sh/node-gyp-build@^4.3.0?target=denonext": "https://esm.sh/node-gyp-build@4.8.4?target=denonext",
    "https://esm.sh/querystringify@^2.1.1?target=denonext": "https://esm.sh/querystringify@2.2.0?target=denonext",
    "https://esm.sh/requires-port@^1.0.0?target=denonext": "https://esm.sh/requires-port@1.0.0?target=denonext",
    "https://esm.sh/svix-fetch@^3.0.0?target=denonext": "https://esm.sh/svix-fetch@3.0.0?target=denonext",
    "https://esm.sh/tr46@~0.0.3?target=denonext": "https://esm.sh/tr46@0.0.3?target=denonext",
    "https://esm.sh/url-parse@^1.4.3?target=denonext": "https://esm.sh/url-parse@1.5.10?target=denonext",
    "https://esm.sh/utf-8-validate@%3E=5.0.2?target=denonext": "https://esm.sh/utf-8-validate@6.0.5?target=denonext",
    "https://esm.sh/webidl-conversions@^3.0.0?target=denonext": "https://esm.sh/webidl-conversions@3.0.1?target=denonext",
    "https://esm.sh/whatwg-url@^5.0.0?target=denonext": "https://esm.sh/whatwg-url@5.0.0?target=denonext",
    "https://esm.sh/ws@^8.18.0?target=denonext": "https://esm.sh/ws@8.18.2?target=denonext"
  },
  "remote": {
    "https://esm.sh/@stablelib/base64@1.0.1/denonext/base64.mjs": "2cbea3c1a8073a74085853b877cbd554549c05cd2fcc86b173fb4e950ad5162c",
    "https://esm.sh/@stablelib/base64@1.0.1?target=denonext": "d6a21d947314ef3a453f3e0dc95c17b7c5d4ca4a29937f10eea783360a736c51",
    "https://esm.sh/@supabase/auth-js@2.69.1/denonext/auth-js.mjs": "fb31c3925437753f5a8a90fc57ea24dc5b68b2b295e696123b1b6a635b7b3ada",
    "https://esm.sh/@supabase/functions-js@2.4.4/denonext/functions-js.mjs": "7adeb257410ef3c4a8a1eb9b4ff416c0075d1c32860ca04913c8a9dace1de6a6",
    "https://esm.sh/@supabase/node-fetch@2.6.15/denonext/node-fetch.mjs": "0bae9052231f4f6dbccc7234d05ea96923dbf967be12f402764580b6bf9f713d",
    "https://esm.sh/@supabase/node-fetch@2.6.15?target=denonext": "4d28c4ad97328403184353f68434f2b6973971507919e9150297413664919cf3",
    "https://esm.sh/@supabase/postgrest-js@1.19.4/denonext/postgrest-js.mjs": "2073b5552ba10c7a8302bffffae771e3aede1daf833382355dae239fb0ab2576",
    "https://esm.sh/@supabase/realtime-js@2.11.2/denonext/realtime-js.mjs": "c33ac375b6be89c893f9df844d2525a4ace015a35aa6ba236270d00c6605c7ba",
    "https://esm.sh/@supabase/storage-js@2.7.1/denonext/storage-js.mjs": "73ac8cdc95cfcd794fe603dbd7ce06d539ab51538ae6467eabe0f9cc26c993aa",
    "https://esm.sh/@supabase/supabase-js@2.49.4": "d52c4d06946766d328fdd0ac2e007f52bb6d2ef7ce6103ad9f0f57d92b73e978",
    "https://esm.sh/@supabase/supabase-js@2.49.4/denonext/supabase-js.mjs": "8c664dda021a5abc7c0b1f49d89d5886a7f9c63c9d365eb3764e1e27440bd781",
    "https://esm.sh/bufferutil@4.0.9/denonext/bufferutil.mjs": "13dca4d5bb2c68cbe119f880fa3bd785b9a81a8e02e0834dae604b4b85295cd8",
    "https://esm.sh/bufferutil@4.0.9?target=denonext": "e32574569ab438facfcc3f412c659b0719bbf05477136ca176938c9a3ac45125",
    "https://esm.sh/fast-sha256@1.3.0/denonext/fast-sha256.mjs": "7a13f9dac67165a69a042f7670635f248e14130113d3f35b8b5b92524ae3c009",
    "https://esm.sh/fast-sha256@1.3.0?target=denonext": "e1af1f94f63902ce191180a8ede5eda744b74f6abb885dae5f8b1fd9e13c8575",
    "https://esm.sh/node-gyp-build@4.8.4/denonext/node-gyp-build.mjs": "9a86f2d044fc77bd60aaa3d697c2ba1b818da5fb1b9aaeedec59a40b8e908803",
    "https://esm.sh/node-gyp-build@4.8.4?target=denonext": "261a6cedf1fdbf159798141ba1e2311ac1510682c5c8b55dacc8cf5fdee4aa06",
    "https://esm.sh/querystringify@2.2.0/denonext/querystringify.mjs": "9785a463d587eae6d3cf0fc1e6e5ff2af165c8d9b920f26165c2991b5ce837b2",
    "https://esm.sh/querystringify@2.2.0?target=denonext": "fa80faff4709f72422e46f24fae0ce58b44300ebcbba9d988d8fda211b0bfb69",
    "https://esm.sh/requires-port@1.0.0/denonext/requires-port.mjs": "4ed7f15c2a35d1e8b529c758202a7837ab4a4f92c984c2f34ec40d81aa259190",
    "https://esm.sh/requires-port@1.0.0?target=denonext": "d75e802ef14a2ff2956831bd0740889ded22458abcc066aaddb751ec2c9b7444",
    "https://esm.sh/svix-fetch@3.0.0": "5a1dba6b172e83a41384b51192fe349e1efa6474c061bb82f936103190eee4b9",
    "https://esm.sh/svix-fetch@3.0.0/denonext/svix-fetch.mjs": "40f1a1c388e884af3d1639fb28cdf83f94da2fc1bf5b971fe7501083b291734c",
    "https://esm.sh/svix-fetch@3.0.0?target=denonext": "5a1dba6b172e83a41384b51192fe349e1efa6474c061bb82f936103190eee4b9",
    "https://esm.sh/svix@1.15.0": "fc3655a3437a78e5877949d407fd25e0859c3d72c5b77744fbfc019d4cc1fd28",
    "https://esm.sh/svix@1.15.0/denonext/svix.mjs": "edb16e7e7220e1ac2efb5889f38445b16b9dd37897197beb93381a871f70afd3",
    "https://esm.sh/tr46@0.0.3/denonext/tr46.mjs": "5753ec0a99414f4055f0c1f97691100f13d88e48a8443b00aebb90a512785fa2",
    "https://esm.sh/tr46@0.0.3?target=denonext": "19cb9be0f0d418a0c3abb81f2df31f080e9540a04e43b0f699bce1149cba0cbb",
    "https://esm.sh/url-parse@1.5.10/denonext/url-parse.mjs": "32deda7590b084ed40e10552c56abf38d46b983dfb25102c3e5a19720385557a",
    "https://esm.sh/url-parse@1.5.10?target=denonext": "b301fcd411b6aa47b9fed837cc5b7ff75c6c94c702ba138f27b39cd6062cb714",
    "https://esm.sh/utf-8-validate@6.0.5/denonext/utf-8-validate.mjs": "66b8ea532a0c745068f5b96ddb1bae332c3036703243541d2e89e66331974d98",
    "https://esm.sh/utf-8-validate@6.0.5?target=denonext": "071bc33ba1a58297e23a34d69dd589fd06df04b0f373b382ff5da544a623f271",
    "https://esm.sh/webidl-conversions@3.0.1/denonext/webidl-conversions.mjs": "54b5c2d50a294853c4ccebf9d5ed8988c94f4e24e463d84ec859a866ea5fafec",
    "https://esm.sh/webidl-conversions@3.0.1?target=denonext": "4e20318d50528084616c79d7b3f6e7f0fe7b6d09013bd01b3974d7448d767e29",
    "https://esm.sh/whatwg-url@5.0.0/denonext/whatwg-url.mjs": "29b16d74ee72624c915745bbd25b617cfd2248c6af0f5120d131e232a9a9af79",
    "https://esm.sh/whatwg-url@5.0.0?target=denonext": "f001a2cadf81312d214ca330033f474e74d81a003e21e8c5d70a1f46dc97b02d",
    "https://esm.sh/ws@8.18.2/denonext/ws.mjs": "b9211ecb1511b09f418c1330920c66800b66710b2cd2997b64b7e0525bd895d2",
    "https://esm.sh/ws@8.18.2?target=denonext": "2ee7b1bb11543dda3e7e1c685ad8599b6f18aea785302374c3def5da468a1e51"
  }
}
